// !$*UTF8*$!
{
	archiveVersion = 1;
	classes = {
	};
	objectVersion = 48;
	objects = {

/* Begin PBXBuildFile section */
		AF158AF21F86B82100C860DA /* AppDelegate.swift in Sources */ = {isa = PBXBuildFile; fileRef = AF158AF11F86B82100C860DA /* AppDelegate.swift */; };
		AF158AF41F86B82100C860DA /* ViewController.swift in Sources */ = {isa = PBXBuildFile; fileRef = AF158AF31F86B82100C860DA /* ViewController.swift */; };
		AF158AF71F86B82100C860DA /* Main.storyboard in Resources */ = {isa = PBXBuildFile; fileRef = AF158AF51F86B82100C860DA /* Main.storyboard */; };
		AF158AF91F86B82100C860DA /* Assets.xcassets in Resources */ = {isa = PBXBuildFile; fileRef = AF158AF81F86B82100C860DA /* Assets.xcassets */; };
		AF158AFC1F86B82100C860DA /* LaunchScreen.storyboard in Resources */ = {isa = PBXBuildFile; fileRef = AF158AFA1F86B82100C860DA /* LaunchScreen.storyboard */; };
		AF158B041F86B96700C860DA /* ProductViewController.swift in Sources */ = {isa = PBXBuildFile; fileRef = AF158B031F86B96700C860DA /* ProductViewController.swift */; };
		AFE3A6AD1F90D49E0061EFC0 /* ContactViewController.swift in Sources */ = {isa = PBXBuildFile; fileRef = AFE3A6AC1F90D49E0061EFC0 /* ContactViewController.swift */; };
/* End PBXBuildFile section */

/* Begin PBXFileReference section */
		AF158AEE1F86B82100C860DA /* OldPhone.app */ = {isa = PBXFileReference; explicitFileType = wrapper.application; includeInIndex = 0; path = OldPhone.app; sourceTree = BUILT_PRODUCTS_DIR; };
		AF158AF11F86B82100C860DA /* AppDelegate.swift */ = {isa = PBXFileReference; lastKnownFileType = sourcecode.swift; path = AppDelegate.swift; sourceTree = "<group>"; };
		AF158AF31F86B82100C860DA /* ViewController.swift */ = {isa = PBXFileReference; lastKnownFileType = sourcecode.swift; path = ViewController.swift; sourceTree = "<group>"; };
		AF158AF61F86B82100C860DA /* Base */ = {isa = PBXFileReference; lastKnownFileType = file.storyboard; name = Base; path = Base.lproj/Main.storyboard; sourceTree = "<group>"; };
		AF158AF81F86B82100C860DA /* Assets.xcassets */ = {isa = PBXFileReference; lastKnownFileType = folder.assetcatalog; path = Assets.xcassets; sourceTree = "<group>"; };
		AF158AFB1F86B82100C860DA /* Base */ = {isa = PBXFileReference; lastKnownFileType = file.storyboard; name = Base; path = Base.lproj/LaunchScreen.storyboard; sourceTree = "<group>"; };
		AF158AFD1F86B82100C860DA /* Info.plist */ = {isa = PBXFileReference; lastKnownFileType = text.plist.xml; path = Info.plist; sourceTree = "<group>"; };
		AF158B031F86B96700C860DA /* ProductViewController.swift */ = {isa = PBXFileReference; lastKnownFileType = sourcecode.swift; path = ProductViewController.swift; sourceTree = "<group>"; };
		AFE3A6AC1F90D49E0061EFC0 /* ContactViewController.swift */ = {isa = PBXFileReference; lastKnownFileType = sourcecode.swift; path = ContactViewController.swift; sourceTree = "<group>"; };
/* End PBXFileReference section */

/* Begin PBXFrameworksBuildPhase section */
		AF158AEB1F86B82100C860DA /* Frameworks */ = {
			isa = PBXFrameworksBuildPhase;
			buildActionMask = 2147483647;
			files = (
			);
			runOnlyForDeploymentPostprocessing = 0;
		};
/* End PBXFrameworksBuildPhase section */

/* Begin PBXGroup section */
		AF158AE51F86B82100C860DA = {
			isa = PBXGroup;
			children = (
				AF158AF01F86B82100C860DA /* OldPhone */,
				AF158AEF1F86B82100C860DA /* Products */,
			);
			sourceTree = "<group>";
		};
		AF158AEF1F86B82100C860DA /* Products */ = {
			isa = PBXGroup;
			children = (
				AF158AEE1F86B82100C860DA /* OldPhone.app */,
			);
			name = Products;
			sourceTree = "<group>";
		};
		AF158AF01F86B82100C860DA /* OldPhone */ = {
			isa = PBXGroup;
			children = (
				AF158AF11F86B82100C860DA /* AppDelegate.swift */,
				AF158AF31F86B82100C860DA /* ViewController.swift */,
				AF158AF51F86B82100C860DA /* Main.storyboard */,
				AF158AF81F86B82100C860DA /* Assets.xcassets */,
				AF158AFA1F86B82100C860DA /* LaunchScreen.storyboard */,
				AF158AFD1F86B82100C860DA /* Info.plist */,
				AF158B031F86B96700C860DA /* ProductViewController.swift */,
				AFE3A6AC1F90D49E0061EFC0 /* ContactViewController.swift */,
			);
			path = OldPhone;
			sourceTree = "<group>";
		};
/* End PBXGroup section */

/* Begin PBXNativeTarget section */
		AF158AED1F86B82100C860DA /* OldPhone */ = {
			isa = PBXNativeTarget;
			buildConfigurationList = AF158B001F86B82100C860DA /* Build configuration list for PBXNativeTarget "OldPhone" */;
			buildPhases = (
				AF158AEA1F86B82100C860DA /* Sources */,
				AF158AEB1F86B82100C860DA /* Frameworks */,
				AF158AEC1F86B82100C860DA /* Resources */,
			);
			buildRules = (
			);
			dependencies = (
			);
			name = OldPhone;
			productName = OldPhone;
			productReference = AF158AEE1F86B82100C860DA /* OldPhone.app */;
			productType = "com.apple.product-type.application";
		};
/* End PBXNativeTarget section */

/* Begin PBXProject section */
		AF158AE61F86B82100C860DA /* Project object */ = {
			isa = PBXProject;
			attributes = {
				LastSwiftUpdateCheck = 0900;
				LastUpgradeCheck = 0900;
				ORGANIZATIONNAME = master;
				TargetAttributes = {
					AF158AED1F86B82100C860DA = {
						CreatedOnToolsVersion = 9.0;
						ProvisioningStyle = Automatic;
					};
				};
			};
			buildConfigurationList = AF158AE91F86B82100C860DA /* Build configuration list for PBXProject "OldPhone" */;
			compatibilityVersion = "Xcode 8.0";
			developmentRegion = en;
			hasScannedForEncodings = 0;
			knownRegions = (
				en,
				Base,
			);
			mainGroup = AF158AE51F86B82100C860DA;
			productRefGroup = AF158AEF1F86B82100C860DA /* Products */;
			projectDirPath = "";
			projectRoot = "";
			targets = (
				AF158AED1F86B82100C860DA /* OldPhone */,
			);
		};
/* End PBXProject section */

/* Begin PBXResourcesBuildPhase section */
		AF158AEC1F86B82100C860DA /* Resources */ = {
			isa = PBXResourcesBuildPhase;
			buildActionMask = 2147483647;
			files = (
				AF158AFC1F86B82100C860DA /* LaunchScreen.storyboard in Resources */,
				AF158AF91F86B82100C860DA /* Assets.xcassets in Resources */,
				AF158AF71F86B82100C860DA /* Main.storyboard in Resources */,
			);
			runOnlyForDeploymentPostprocessing = 0;
		};
/* End PBXResourcesBuildPhase section */

/* Begin PBXSourcesBuildPhase section */
		AF158AEA1F86B82100C860DA /* Sources */ = {
			isa = PBXSourcesBuildPhase;
			buildActionMask = 2147483647;
			files = (
				AF158B041F86B96700C860DA /* ProductViewController.swift in Sources */,
				AFE3A6AD1F90D49E0061EFC0 /* ContactViewController.swift in Sources */,
				AF158AF41F86B82100C860DA /* ViewController.swift in Sources */,
				AF158AF21F86B82100C860DA /* AppDelegate.swift in Sources */,
			);
			runOnlyForDeploymentPostprocessing = 0;
		};
/* End PBXSourcesBuildPhase section */

/* Begin PBXVariantGroup section */
		AF158AF51F86B82100C860DA /* Main.storyboard */ = {
			isa = PBXVariantGroup;
			children = (
				AF158AF61F86B82100C860DA /* Base */,
			);
			name = Main.storyboard;
			sourceTree = "<group>";
		};
		AF158AFA1F86B82100C860DA /* LaunchScreen.storyboard */ = {
			isa = PBXVariantGroup;
			children = (
				AF158AFB1F86B82100C860DA /* Base */,
			);
			name = LaunchScreen.storyboard;
			sourceTree = "<group>";
		};
/* End PBXVariantGroup section */

/* Begin XCBuildConfiguration section */
		AF158AFE1F86B82100C860DA /* Debug */ = {
			isa = XCBuildConfiguration;
			buildSettings = {
				ALWAYS_SEARCH_USER_PATHS = NO;
				CLANG_ANALYZER_NONNULL = YES;
				CLANG_ANALYZER_NUMBER_OBJECT_CONVERSION = YES_AGGRESSIVE;
				CLANG_CXX_LANGUAGE_STANDARD = "gnu++14";
				CLANG_CXX_LIBRARY = "libc++";
				CLANG_ENABLE_MODULES = YES;
				CLANG_ENABLE_OBJC_ARC = YES;
				CLANG_WARN_BLOCK_CAPTURE_AUTORELEASING = YES;
				CLANG_WARN_BOOL_CONVERSION = YES;
				CLANG_WARN_COMMA = YES;
				CLANG_WARN_CONSTANT_CONVERSION = YES;
				CLANG_WARN_DIRECT_OBJC_ISA_USAGE = YES_ERROR;
				CLANG_WARN_DOCUMENTATION_COMMENTS = YES;
				CLANG_WARN_EMPTY_BODY = YES;
				CLANG_WARN_ENUM_CONVERSION = YES;
				CLANG_WARN_INFINITE_RECURSION = YES;
				CLANG_WARN_INT_CONVERSION = YES;
				CLANG_WARN_NON_LITERAL_NULL_CONVERSION = YES;
				CLANG_WARN_OBJC_LITERAL_CONVERSION = YES;
				CLANG_WARN_OBJC_ROOT_CLASS = YES_ERROR;
				CLANG_WARN_RANGE_LOOP_ANALYSIS = YES;
				CLANG_WARN_STRICT_PROTOTYPES = YES;
				CLANG_WARN_SUSPICIOUS_MOVE = YES;
				CLANG_WARN_UNGUARDED_AVAILABILITY = YES_AGGRESSIVE;
				CLANG_WARN_UNREACHABLE_CODE = YES;
				CLANG_WARN__DUPLICATE_METHOD_MATCH = YES;
				CODE_SIGN_IDENTITY = "iPhone Developer";
				COPY_PHASE_STRIP = NO;
				DEBUG_INFORMATION_FORMAT = dwarf;
				ENABLE_STRICT_OBJC_MSGSEND = YES;
				ENABLE_TESTABILITY = YES;
				GCC_C_LANGUAGE_STANDARD = gnu11;
				GCC_DYNAMIC_NO_PIC = NO;
				GCC_NO_COMMON_BLOCKS = YES;
				GCC_OPTIMIZATION_LEVEL = 0;
				GCC_PREPROCESSOR_DEFINITIONS = (
					"DEBUG=1",
					"$(inherited)",
				);
				GCC_WARN_64_TO_32_BIT_CONVERSION = YES;
				GCC_WARN_ABOUT_RETURN_TYPE = YES_ERROR;
				GCC_WARN_UNDECLARED_SELECTOR = YES;
				GCC_WARN_UNINITIALIZED_AUTOS = YES_AGGRESSIVE;
				GCC_WARN_UNUSED_FUNCTION = YES;
				GCC_WARN_UNUSED_VARIABLE = YES;
				IPHONEOS_DEPLOYMENT_TARGET = 11.0;
				MTL_ENABLE_DEBUG_INFO = YES;
				ONLY_ACTIVE_ARCH = YES;
				SDKROOT = iphoneos;
				SWIFT_ACTIVE_COMPILATION_CONDITIONS = DEBUG;
				SWIFT_OPTIMIZATION_LEVEL = "-Onone";
			};
			name = Debug;
		};
		AF158AFF1F86B82100C860DA /* Release */ = {
			isa = XCBuildConfiguration;
			buildSettings = {
				ALWAYS_SEARCH_USER_PATHS = NO;
				CLANG_ANALYZER_NONNULL = YES;
				CLANG_ANALYZER_NUMBER_OBJECT_CONVERSION = YES_AGGRESSIVE;
				CLANG_CXX_LANGUAGE_STANDARD = "gnu++14";
				CLANG_CXX_LIBRARY = "libc++";
				CLANG_ENABLE_MODULES = YES;
				CLANG_ENABLE_OBJC_ARC = YES;
				CLANG_WARN_BLOCK_CAPTURE_AUTORELEASING = YES;
				CLANG_WARN_BOOL_CONVERSION = YES;
				CLANG_WARN_COMMA = YES;
				CLANG_WARN_CONSTANT_CONVERSION = YES;
				CLANG_WARN_DIRECT_OBJC_ISA_USAGE = YES_ERROR;
				CLANG_WARN_DOCUMENTATION_COMMENTS = YES;
				CLANG_WARN_EMPTY_BODY = YES;
				CLANG_WARN_ENUM_CONVERSION = YES;
				CLANG_WARN_INFINITE_RECURSION = YES;
				CLANG_WARN_INT_CONVERSION = YES;
				CLANG_WARN_NON_LITERAL_NULL_CONVERSION = YES;
				CLANG_WARN_OBJC_LITERAL_CONVERSION = YES;
				CLANG_WARN_OBJC_ROOT_CLASS = YES_ERROR;
				CLANG_WARN_RANGE_LOOP_ANALYSIS = YES;
				CLANG_WARN_STRICT_PROTOTYPES = YES;
				CLANG_WARN_SUSPICIOUS_MOVE = YES;
				CLANG_WARN_UNGUARDED_AVAILABILITY = YES_AGGRESSIVE;
				CLANG_WARN_UNREACHABLE_CODE = YES;
				CLANG_WARN__DUPLICATE_METHOD_MATCH = YES;
				CODE_SIGN_IDENTITY = "iPhone Developer";
				COPY_PHASE_STRIP = NO;
				DEBUG_INFORMATION_FORMAT = "dwarf-with-dsym";
				ENABLE_NS_ASSERTIONS = NO;
				ENABLE_STRICT_OBJC_MSGSEND = YES;
				GCC_C_LANGUAGE_STANDARD = gnu11;
				GCC_NO_COMMON_BLOCKS = YES;
				GCC_WARN_64_TO_32_BIT_CONVERSION = YES;
				GCC_WARN_ABOUT_RETURN_TYPE = YES_ERROR;
				GCC_WARN_UNDECLARED_SELECTOR = YES;
				GCC_WARN_UNINITIALIZED_AUTOS = YES_AGGRESSIVE;
				GCC_WARN_UNUSED_FUNCTION = YES;
				GCC_WARN_UNUSED_VARIABLE = YES;
				IPHONEOS_DEPLOYMENT_TARGET = 11.0;
				MTL_ENABLE_DEBUG_INFO = NO;
				SDKROOT = iphoneos;
				SWIFT_OPTIMIZATION_LEVEL = "-Owholemodule";
				VALIDATE_PRODUCT = YES;
			};
			name = Release;
		};
		AF158B011F86B82100C860DA /* Debug */ = {
			isa = XCBuildConfiguration;
			buildSettings = {
				ASSETCATALOG_COMPILER_APPICON_NAME = AppIcon;
				CODE_SIGN_STYLE = Automatic;
				INFOPLIST_FILE = OldPhone/Info.plist;
				LD_RUNPATH_SEARCH_PATHS = "$(inherited) @executable_path/Frameworks";
				PRODUCT_BUNDLE_IDENTIFIER = com.master.OldPhone;
				PRODUCT_NAME = "$(TARGET_NAME)";
				SWIFT_VERSION = 4.0;
				TARGETED_DEVICE_FAMILY = "1,2";
			};
			name = Debug;
		};
		AF158B021F86B82100C860DA /* Release */ = {
			isa = XCBuildConfiguration;
			buildSettings = {
				ASSETCATALOG_COMPILER_APPICON_NAME = AppIcon;
				CODE_SIGN_STYLE = Automatic;
				INFOPLIST_FILE = OldPhone/Info.plist;
				LD_RUNPATH_SEARCH_PATHS = "$(inherited) @executable_path/Frameworks";
				PRODUCT_BUNDLE_IDENTIFIER = com.master.OldPhone;
				PRODUCT_NAME = "$(TARGET_NAME)";
				SWIFT_VERSION = 4.0;
				TARGETED_DEVICE_FAMILY = "1,2";
			};
			name = Release;
		};
/* End XCBuildConfiguration section */

/* Begin XCConfigurationList section */
		AF158AE91F86B82100C860DA /* Build configuration list for PBXProject "OldPhone" */ = {
			isa = XCConfigurationList;
			buildConfigurations = (
				AF158AFE1F86B82100C860DA /* Debug */,
				AF158AFF1F86B82100C860DA /* Release */,
			);
			defaultConfigurationIsVisible = 0;
			defaultConfigurationName = Release;
		};
		AF158B001F86B82100C860DA /* Build configuration list for PBXNativeTarget "OldPhone" */ = {
			isa = XCConfigurationList;
			buildConfigurations = (
				AF158B011F86B82100C860DA /* Debug */,
				AF158B021F86B82100C860DA /* Release */,
			);
			defaultConfigurationIsVisible = 0;
			defaultConfigurationName = Release;
		};
/* End XCConfigurationList section */
	};
	rootObject = AF158AE61F86B82100C860DA /* Project object */;
}
